
Microsoft Visual Studio Solution File, Format Version 12.00
Project("{FAE04EC0-301F-11D3-BF4B-00C04F79EFBC}") = "BlazorUI", "BlazorUI\BlazorUI.csproj", "{EB749C6A-0A01-4AA2-ACA9-9CA1DB1547F9}"
EndProject
Project("{FAE04EC0-301F-11D3-BF4B-00C04F79EFBC}") = "Contracts", "Contracts\Contracts.csproj", "{A78A6D7D-00E3-4810-98B4-0B0BF4165AC3}"
EndProject
Project("{FAE04EC0-301F-11D3-BF4B-00C04F79EFBC}") = "JsonDataAccess", "JsonDataAccess\JsonDataAccess.csproj", "{981DF90A-776C-4490-BE81-6E63B5D079DC}"
EndProject
Project("{FAE04EC0-301F-11D3-BF4B-00C04F79EFBC}") = "Entities", "Entities\Entities.csproj", "{C5FB3F37-4E37-40AA-B9A9-3097BD95A483}"
EndProject
Project("{FAE04EC0-301F-11D3-BF4B-00C04F79EFBC}") = "Application", "Application\Application.csproj", "{998995C2-E4BD-418C-B93D-B230BF24220F}"
EndProject
Project("{FAE04EC0-301F-11D3-BF4B-00C04F79EFBC}") = "WebAPI", "WebAPI\WebAPI.csproj", "{1A96BBF9-D58B-4D6D-9F02-7272449AB4A7}"
EndProject
Project("{FAE04EC0-301F-11D3-BF4B-00C04F79EFBC}") = "RESTClient", "RESTClient\RESTClient.csproj", "{29A890CE-9EA4-442D-8062-07C845F5AF18}"
EndProject
Project("{FAE04EC0-301F-11D3-BF4B-00C04F79EFBC}") = "EFCDataAccess", "EFCDataAccess\EFCDataAccess.csproj", "{C5BFFAEE-2064-4947-B13E-CA3152226EFB}"
EndProject
Global
	GlobalSection(SolutionConfigurationPlatforms) = preSolution
		Debug|Any CPU = Debug|Any CPU
		Release|Any CPU = Release|Any CPU
	EndGlobalSection
	GlobalSection(ProjectConfigurationPlatforms) = postSolution
		{EB749C6A-0A01-4AA2-ACA9-9CA1DB1547F9}.Debug|Any CPU.ActiveCfg = Debug|Any CPU
		{EB749C6A-0A01-4AA2-ACA9-9CA1DB1547F9}.Debug|Any CPU.Build.0 = Debug|Any CPU
		{EB749C6A-0A01-4AA2-ACA9-9CA1DB1547F9}.Release|Any CPU.ActiveCfg = Release|Any CPU
		{EB749C6A-0A01-4AA2-ACA9-9CA1DB1547F9}.Release|Any CPU.Build.0 = Release|Any CPU
		{A78A6D7D-00E3-4810-98B4-0B0BF4165AC3}.Debug|Any CPU.ActiveCfg = Debug|Any CPU
		{A78A6D7D-00E3-4810-98B4-0B0BF4165AC3}.Debug|Any CPU.Build.0 = Debug|Any CPU
		{A78A6D7D-00E3-4810-98B4-0B0BF4165AC3}.Release|Any CPU.ActiveCfg = Release|Any CPU
		{A78A6D7D-00E3-4810-98B4-0B0BF4165AC3}.Release|Any CPU.Build.0 = Release|Any CPU
		{981DF90A-776C-4490-BE81-6E63B5D079DC}.Debug|Any CPU.ActiveCfg = Debug|Any CPU
		{981DF90A-776C-4490-BE81-6E63B5D079DC}.Debug|Any CPU.Build.0 = Debug|Any CPU
		{981DF90A-776C-4490-BE81-6E63B5D079DC}.Release|Any CPU.ActiveCfg = Release|Any CPU
		{981DF90A-776C-4490-BE81-6E63B5D079DC}.Release|Any CPU.Build.0 = Release|Any CPU
		{C5FB3F37-4E37-40AA-B9A9-3097BD95A483}.Debug|Any CPU.ActiveCfg = Debug|Any CPU
		{C5FB3F37-4E37-40AA-B9A9-3097BD95A483}.Debug|Any CPU.Build.0 = Debug|Any CPU
		{C5FB3F37-4E37-40AA-B9A9-3097BD95A483}.Release|Any CPU.ActiveCfg = Release|Any CPU
		{C5FB3F37-4E37-40AA-B9A9-3097BD95A483}.Release|Any CPU.Build.0 = Release|Any CPU
		{998995C2-E4BD-418C-B93D-B230BF24220F}.Debug|Any CPU.ActiveCfg = Debug|Any CPU
		{998995C2-E4BD-418C-B93D-B230BF24220F}.Debug|Any CPU.Build.0 = Debug|Any CPU
		{998995C2-E4BD-418C-B93D-B230BF24220F}.Release|Any CPU.ActiveCfg = Release|Any CPU
		{998995C2-E4BD-418C-B93D-B230BF24220F}.Release|Any CPU.Build.0 = Release|Any CPU
		{1A96BBF9-D58B-4D6D-9F02-7272449AB4A7}.Debug|Any CPU.ActiveCfg = Debug|Any CPU
		{1A96BBF9-D58B-4D6D-9F02-7272449AB4A7}.Debug|Any CPU.Build.0 = Debug|Any CPU
		{1A96BBF9-D58B-4D6D-9F02-7272449AB4A7}.Release|Any CPU.ActiveCfg = Release|Any CPU
		{1A96BBF9-D58B-4D6D-9F02-7272449AB4A7}.Release|Any CPU.Build.0 = Release|Any CPU
		{29A890CE-9EA4-442D-8062-07C845F5AF18}.Debug|Any CPU.ActiveCfg = Debug|Any CPU
		{29A890CE-9EA4-442D-8062-07C845F5AF18}.Debug|Any CPU.Build.0 = Debug|Any CPU
		{29A890CE-9EA4-442D-8062-07C845F5AF18}.Release|Any CPU.ActiveCfg = Release|Any CPU
		{29A890CE-9EA4-442D-8062-07C845F5AF18}.Release|Any CPU.Build.0 = Release|Any CPU
		{C5BFFAEE-2064-4947-B13E-CA3152226EFB}.Debug|Any CPU.ActiveCfg = Debug|Any CPU
		{C5BFFAEE-2064-4947-B13E-CA3152226EFB}.Debug|Any CPU.Build.0 = Debug|Any CPU
		{C5BFFAEE-2064-4947-B13E-CA3152226EFB}.Release|Any CPU.ActiveCfg = Release|Any CPU
		{C5BFFAEE-2064-4947-B13E-CA3152226EFB}.Release|Any CPU.Build.0 = Release|Any CPU
	EndGlobalSection
EndGlobal
