
Microsoft Visual Studio Solution File, Format Version 12.00
Project("{FAE04EC0-301F-11D3-BF4B-00C04F79EFBC}") = "BlazorUI", "BlazorUI\BlazorUI.csproj", "{EB749C6A-0A01-4AA2-ACA9-9CA1DB1547F9}"
EndProject
Global
	GlobalSection(SolutionConfigurationPlatforms) = preSolution
		Debug|Any CPU = Debug|Any CPU
		Release|Any CPU = Release|Any CPU
	EndGlobalSection
	GlobalSection(ProjectConfigurationPlatforms) = postSolution
		{EB749C6A-0A01-4AA2-ACA9-9CA1DB1547F9}.Debug|Any CPU.ActiveCfg = Debug|Any CPU
		{EB749C6A-0A01-4AA2-ACA9-9CA1DB1547F9}.Debug|Any CPU.Build.0 = Debug|Any CPU
		{EB749C6A-0A01-4AA2-ACA9-9CA1DB1547F9}.Release|Any CPU.ActiveCfg = Release|Any CPU
		{EB749C6A-0A01-4AA2-ACA9-9CA1DB1547F9}.Release|Any CPU.Build.0 = Release|Any CPU
	EndGlobalSection
EndGlobal
